
Microsoft Visual Studio Solution File, Format Version 12.00
# Visual Studio Version 16
VisualStudioVersion = 16.0.32802.440
MinimumVisualStudioVersion = 10.0.40219.1
Project("{9A19103F-16F7-4668-BE54-9A1E7A4F7556}") = "Priority_Queue_Main", "Priority_Queue_Main.csproj", "{61429E34-609F-4BBD-8916-C4F107A06C84}"
EndProject
Global
	GlobalSection(SolutionConfigurationPlatforms) = preSolution
		Debug|Any CPU = Debug|Any CPU
		Release|Any CPU = Release|Any CPU
	EndGlobalSection
	GlobalSection(ProjectConfigurationPlatforms) = postSolution
		{61429E34-609F-4BBD-8916-C4F107A06C84}.Debug|Any CPU.ActiveCfg = Debug|Any CPU
		{61429E34-609F-4BBD-8916-C4F107A06C84}.Debug|Any CPU.Build.0 = Debug|Any CPU
		{61429E34-609F-4BBD-8916-C4F107A06C84}.Release|Any CPU.ActiveCfg = Release|Any CPU
		{61429E34-609F-4BBD-8916-C4F107A06C84}.Release|Any CPU.Build.0 = Release|Any CPU
	EndGlobalSection
	GlobalSection(SolutionProperties) = preSolution
		HideSolutionNode = FALSE
	EndGlobalSection
	GlobalSection(ExtensibilityGlobals) = postSolution
		SolutionGuid = {77CF8CB3-9692-4F0F-AD4D-BB6D51CA26FD}
	EndGlobalSection
EndGlobal
