
Microsoft Visual Studio Solution File, Format Version 12.00
# Visual Studio Version 16
VisualStudioVersion = 16.0.32802.440
MinimumVisualStudioVersion = 10.0.40219.1
Project("{FAE04EC0-301F-11D3-BF4B-00C04F79EFBC}") = "Exercise_10", "Exercise_10.csproj", "{82760C84-9E7F-49F5-B269-99B58B0286CF}"
EndProject
Global
	GlobalSection(SolutionConfigurationPlatforms) = preSolution
		Debug|Any CPU = Debug|Any CPU
		Release|Any CPU = Release|Any CPU
	EndGlobalSection
	GlobalSection(ProjectConfigurationPlatforms) = postSolution
		{82760C84-9E7F-49F5-B269-99B58B0286CF}.Debug|Any CPU.ActiveCfg = Debug|Any CPU
		{82760C84-9E7F-49F5-B269-99B58B0286CF}.Debug|Any CPU.Build.0 = Debug|Any CPU
		{82760C84-9E7F-49F5-B269-99B58B0286CF}.Release|Any CPU.ActiveCfg = Release|Any CPU
		{82760C84-9E7F-49F5-B269-99B58B0286CF}.Release|Any CPU.Build.0 = Release|Any CPU
	EndGlobalSection
	GlobalSection(SolutionProperties) = preSolution
		HideSolutionNode = FALSE
	EndGlobalSection
	GlobalSection(ExtensibilityGlobals) = postSolution
		SolutionGuid = {023AA9D5-7218-4EE4-B429-5F601284400C}
	EndGlobalSection
EndGlobal
