
Microsoft Visual Studio Solution File, Format Version 12.00
# Visual Studio Version 16
VisualStudioVersion = 16.0.32802.440
MinimumVisualStudioVersion = 10.0.40219.1
Project("{FAE04EC0-301F-11D3-BF4B-00C04F79EFBC}") = "Exercise4", "Exercise4.csproj", "{0380680B-B6FD-42CB-90BF-C2BF762B03D2}"
EndProject
Global
	GlobalSection(SolutionConfigurationPlatforms) = preSolution
		Debug|Any CPU = Debug|Any CPU
		Release|Any CPU = Release|Any CPU
	EndGlobalSection
	GlobalSection(ProjectConfigurationPlatforms) = postSolution
		{0380680B-B6FD-42CB-90BF-C2BF762B03D2}.Debug|Any CPU.ActiveCfg = Debug|Any CPU
		{0380680B-B6FD-42CB-90BF-C2BF762B03D2}.Debug|Any CPU.Build.0 = Debug|Any CPU
		{0380680B-B6FD-42CB-90BF-C2BF762B03D2}.Release|Any CPU.ActiveCfg = Release|Any CPU
		{0380680B-B6FD-42CB-90BF-C2BF762B03D2}.Release|Any CPU.Build.0 = Release|Any CPU
	EndGlobalSection
	GlobalSection(SolutionProperties) = preSolution
		HideSolutionNode = FALSE
	EndGlobalSection
	GlobalSection(ExtensibilityGlobals) = postSolution
		SolutionGuid = {5705BA65-6C89-4880-8D4D-26CBD4EB0C1E}
	EndGlobalSection
EndGlobal
