
Microsoft Visual Studio Solution File, Format Version 12.00
# Visual Studio Version 16
VisualStudioVersion = 16.0.32802.440
MinimumVisualStudioVersion = 10.0.40219.1
Project("{FAE04EC0-301F-11D3-BF4B-00C04F79EFBC}") = "Queue_Implementation_M", "Queue_Implementation_M.csproj", "{F203C761-947F-4CE5-98C7-C09316044C03}"
EndProject
Global
	GlobalSection(SolutionConfigurationPlatforms) = preSolution
		Debug|Any CPU = Debug|Any CPU
		Release|Any CPU = Release|Any CPU
	EndGlobalSection
	GlobalSection(ProjectConfigurationPlatforms) = postSolution
		{F203C761-947F-4CE5-98C7-C09316044C03}.Debug|Any CPU.ActiveCfg = Debug|Any CPU
		{F203C761-947F-4CE5-98C7-C09316044C03}.Debug|Any CPU.Build.0 = Debug|Any CPU
		{F203C761-947F-4CE5-98C7-C09316044C03}.Release|Any CPU.ActiveCfg = Release|Any CPU
		{F203C761-947F-4CE5-98C7-C09316044C03}.Release|Any CPU.Build.0 = Release|Any CPU
	EndGlobalSection
	GlobalSection(SolutionProperties) = preSolution
		HideSolutionNode = FALSE
	EndGlobalSection
	GlobalSection(ExtensibilityGlobals) = postSolution
		SolutionGuid = {A46CFB06-B633-4016-8FAD-30424C4D8EB7}
	EndGlobalSection
EndGlobal
