
Microsoft Visual Studio Solution File, Format Version 12.00
# Visual Studio Version 16
VisualStudioVersion = 16.0.32802.440
MinimumVisualStudioVersion = 10.0.40219.1
Project("{9A19103F-16F7-4668-BE54-9A1E7A4F7556}") = "Erercise_12", "Erercise_12.csproj", "{A3D7943D-F6C6-4CF1-A846-9130F0E5610A}"
EndProject
Global
	GlobalSection(SolutionConfigurationPlatforms) = preSolution
		Debug|Any CPU = Debug|Any CPU
		Release|Any CPU = Release|Any CPU
	EndGlobalSection
	GlobalSection(ProjectConfigurationPlatforms) = postSolution
		{A3D7943D-F6C6-4CF1-A846-9130F0E5610A}.Debug|Any CPU.ActiveCfg = Debug|Any CPU
		{A3D7943D-F6C6-4CF1-A846-9130F0E5610A}.Debug|Any CPU.Build.0 = Debug|Any CPU
		{A3D7943D-F6C6-4CF1-A846-9130F0E5610A}.Release|Any CPU.ActiveCfg = Release|Any CPU
		{A3D7943D-F6C6-4CF1-A846-9130F0E5610A}.Release|Any CPU.Build.0 = Release|Any CPU
	EndGlobalSection
	GlobalSection(SolutionProperties) = preSolution
		HideSolutionNode = FALSE
	EndGlobalSection
	GlobalSection(ExtensibilityGlobals) = postSolution
		SolutionGuid = {3C5DA2BD-0182-497B-9259-03C2EF0FC7D2}
	EndGlobalSection
EndGlobal
